// !$*UTF8*$!
{
	archiveVersion = 1;
	classes = {
	};
	objectVersion = 46;
	objects = {

/* Begin PBXBuildFile section */
		96195F831E9E1F80008ACB33 /* AppDelegate.swift in Sources */ = {isa = PBXBuildFile; fileRef = 96195F821E9E1F80008ACB33 /* AppDelegate.swift */; };
		96195F851E9E1F80008ACB33 /* ViewController.swift in Sources */ = {isa = PBXBuildFile; fileRef = 96195F841E9E1F80008ACB33 /* ViewController.swift */; };
		96195F881E9E1F80008ACB33 /* Main.storyboard in Resources */ = {isa = PBXBuildFile; fileRef = 96195F861E9E1F80008ACB33 /* Main.storyboard */; };
		96195F8A1E9E1F80008ACB33 /* Assets.xcassets in Resources */ = {isa = PBXBuildFile; fileRef = 96195F891E9E1F80008ACB33 /* Assets.xcassets */; };
		96195F8D1E9E1F80008ACB33 /* LaunchScreen.storyboard in Resources */ = {isa = PBXBuildFile; fileRef = 96195F8B1E9E1F80008ACB33 /* LaunchScreen.storyboard */; };
		96195F991E9E1FA4008ACB33 /* TimerExtension.swift in Sources */ = {isa = PBXBuildFile; fileRef = 96195F951E9E1FA4008ACB33 /* TimerExtension.swift */; };
		96195F9A1E9E1FA4008ACB33 /* CircleProgressView.swift in Sources */ = {isa = PBXBuildFile; fileRef = 96195F961E9E1FA4008ACB33 /* CircleProgressView.swift */; };
		96195F9B1E9E1FA4008ACB33 /* PullToRefreshView.swift in Sources */ = {isa = PBXBuildFile; fileRef = 96195F971E9E1FA4008ACB33 /* PullToRefreshView.swift */; };
		96195F9C1E9E1FA4008ACB33 /* PullToRefreshControl.swift in Sources */ = {isa = PBXBuildFile; fileRef = 96195F981E9E1FA4008ACB33 /* PullToRefreshControl.swift */; };
		96195F9E1E9E1FF2008ACB33 /* CustomTableViewController.swift in Sources */ = {isa = PBXBuildFile; fileRef = 96195F9D1E9E1FF2008ACB33 /* CustomTableViewController.swift */; };
		96195FA01E9F1D7B008ACB33 /* timg.gif in Resources */ = {isa = PBXBuildFile; fileRef = 96195F9F1E9F1D7B008ACB33 /* timg.gif */; };
		96195FA41E9F6A0E008ACB33 /* luufy.gif in Resources */ = {isa = PBXBuildFile; fileRef = 96195FA31E9F6A0E008ACB33 /* luufy.gif */; };
		96195FA81EA0B1B0008ACB33 /* default.gif in Resources */ = {isa = PBXBuildFile; fileRef = 96195FA71EA0B1B0008ACB33 /* default.gif */; };
		96195FAA1EA0B2B6008ACB33 /* gif.gif in Resources */ = {isa = PBXBuildFile; fileRef = 96195FA91EA0B2B6008ACB33 /* gif.gif */; };
		96F12F9E1ECDD9CA004E42FA /* TestViewController.swift in Sources */ = {isa = PBXBuildFile; fileRef = 96F12F9D1ECDD9CA004E42FA /* TestViewController.swift */; };
/* End PBXBuildFile section */

/* Begin PBXFileReference section */
		96195F7F1E9E1F80008ACB33 /* Pulltorefresh_Swift.app */ = {isa = PBXFileReference; explicitFileType = wrapper.application; includeInIndex = 0; path = Pulltorefresh_Swift.app; sourceTree = BUILT_PRODUCTS_DIR; };
		96195F821E9E1F80008ACB33 /* AppDelegate.swift */ = {isa = PBXFileReference; lastKnownFileType = sourcecode.swift; path = AppDelegate.swift; sourceTree = "<group>"; };
		96195F841E9E1F80008ACB33 /* ViewController.swift */ = {isa = PBXFileReference; lastKnownFileType = sourcecode.swift; path = ViewController.swift; sourceTree = "<group>"; };
		96195F871E9E1F80008ACB33 /* Base */ = {isa = PBXFileReference; lastKnownFileType = file.storyboard; name = Base; path = Base.lproj/Main.storyboard; sourceTree = "<group>"; };
		96195F891E9E1F80008ACB33 /* Assets.xcassets */ = {isa = PBXFileReference; lastKnownFileType = folder.assetcatalog; path = Assets.xcassets; sourceTree = "<group>"; };
		96195F8C1E9E1F80008ACB33 /* Base */ = {isa = PBXFileReference; lastKnownFileType = file.storyboard; name = Base; path = Base.lproj/LaunchScreen.storyboard; sourceTree = "<group>"; };
		96195F8E1E9E1F80008ACB33 /* Info.plist */ = {isa = PBXFileReference; lastKnownFileType = text.plist.xml; path = Info.plist; sourceTree = "<group>"; };
		96195F951E9E1FA4008ACB33 /* TimerExtension.swift */ = {isa = PBXFileReference; fileEncoding = 4; lastKnownFileType = sourcecode.swift; path = TimerExtension.swift; sourceTree = "<group>"; };
		96195F961E9E1FA4008ACB33 /* CircleProgressView.swift */ = {isa = PBXFileReference; fileEncoding = 4; lastKnownFileType = sourcecode.swift; path = CircleProgressView.swift; sourceTree = "<group>"; };
		96195F971E9E1FA4008ACB33 /* PullToRefreshView.swift */ = {isa = PBXFileReference; fileEncoding = 4; lastKnownFileType = sourcecode.swift; path = PullToRefreshView.swift; sourceTree = "<group>"; };
		96195F981E9E1FA4008ACB33 /* PullToRefreshControl.swift */ = {isa = PBXFileReference; fileEncoding = 4; lastKnownFileType = sourcecode.swift; path = PullToRefreshControl.swift; sourceTree = "<group>"; };
		96195F9D1E9E1FF2008ACB33 /* CustomTableViewController.swift */ = {isa = PBXFileReference; fileEncoding = 4; lastKnownFileType = sourcecode.swift; path = CustomTableViewController.swift; sourceTree = "<group>"; };
		96195F9F1E9F1D7B008ACB33 /* timg.gif */ = {isa = PBXFileReference; lastKnownFileType = image.gif; name = timg.gif; path = pulltoRefresh/timg.gif; sourceTree = "<group>"; };
		96195FA31E9F6A0E008ACB33 /* luufy.gif */ = {isa = PBXFileReference; lastKnownFileType = image.gif; path = luufy.gif; sourceTree = "<group>"; };
		96195FA71EA0B1B0008ACB33 /* default.gif */ = {isa = PBXFileReference; lastKnownFileType = image.gif; path = default.gif; sourceTree = "<group>"; };
		96195FA91EA0B2B6008ACB33 /* gif.gif */ = {isa = PBXFileReference; lastKnownFileType = image.gif; path = gif.gif; sourceTree = "<group>"; };
		96F12F9D1ECDD9CA004E42FA /* TestViewController.swift */ = {isa = PBXFileReference; fileEncoding = 4; lastKnownFileType = sourcecode.swift; path = TestViewController.swift; sourceTree = "<group>"; };
/* End PBXFileReference section */

/* Begin PBXFrameworksBuildPhase section */
		96195F7C1E9E1F80008ACB33 /* Frameworks */ = {
			isa = PBXFrameworksBuildPhase;
			buildActionMask = 2147483647;
			files = (
			);
			runOnlyForDeploymentPostprocessing = 0;
		};
/* End PBXFrameworksBuildPhase section */

/* Begin PBXGroup section */
		96195F761E9E1F80008ACB33 = {
			isa = PBXGroup;
			children = (
				96195F811E9E1F80008ACB33 /* Pulltorefresh_Swift */,
				96195F801E9E1F80008ACB33 /* Products */,
			);
			sourceTree = "<group>";
		};
		96195F801E9E1F80008ACB33 /* Products */ = {
			isa = PBXGroup;
			children = (
				96195F7F1E9E1F80008ACB33 /* Pulltorefresh_Swift.app */,
			);
			name = Products;
			sourceTree = "<group>";
		};
		96195F811E9E1F80008ACB33 /* Pulltorefresh_Swift */ = {
			isa = PBXGroup;
			children = (
				96195F821E9E1F80008ACB33 /* AppDelegate.swift */,
				96195F841E9E1F80008ACB33 /* ViewController.swift */,
				96195F9D1E9E1FF2008ACB33 /* CustomTableViewController.swift */,
				96F12F9D1ECDD9CA004E42FA /* TestViewController.swift */,
				96195F941E9E1F9A008ACB33 /* pulltoRefresh */,
				96195F861E9E1F80008ACB33 /* Main.storyboard */,
				96195FA31E9F6A0E008ACB33 /* luufy.gif */,
				96195F9F1E9F1D7B008ACB33 /* timg.gif */,
				96195FA71EA0B1B0008ACB33 /* default.gif */,
				96195FA91EA0B2B6008ACB33 /* gif.gif */,
				96195F891E9E1F80008ACB33 /* Assets.xcassets */,
				96195F8B1E9E1F80008ACB33 /* LaunchScreen.storyboard */,
				96195F8E1E9E1F80008ACB33 /* Info.plist */,
			);
			path = Pulltorefresh_Swift;
			sourceTree = "<group>";
		};
		96195F941E9E1F9A008ACB33 /* pulltoRefresh */ = {
			isa = PBXGroup;
			children = (
				96195F951E9E1FA4008ACB33 /* TimerExtension.swift */,
				96195F961E9E1FA4008ACB33 /* CircleProgressView.swift */,
				96195F971E9E1FA4008ACB33 /* PullToRefreshView.swift */,
				96195F981E9E1FA4008ACB33 /* PullToRefreshControl.swift */,
			);
			path = pulltoRefresh;
			sourceTree = "<group>";
		};
/* End PBXGroup section */

/* Begin PBXNativeTarget section */
		96195F7E1E9E1F80008ACB33 /* Pulltorefresh_Swift */ = {
			isa = PBXNativeTarget;
			buildConfigurationList = 96195F911E9E1F80008ACB33 /* Build configuration list for PBXNativeTarget "Pulltorefresh_Swift" */;
			buildPhases = (
				96195F7B1E9E1F80008ACB33 /* Sources */,
				96195F7C1E9E1F80008ACB33 /* Frameworks */,
				96195F7D1E9E1F80008ACB33 /* Resources */,
			);
			buildRules = (
			);
			dependencies = (
			);
			name = Pulltorefresh_Swift;
			productName = Pulltorefresh_Swift;
			productReference = 96195F7F1E9E1F80008ACB33 /* Pulltorefresh_Swift.app */;
			productType = "com.apple.product-type.application";
		};
/* End PBXNativeTarget section */

/* Begin PBXProject section */
		96195F771E9E1F80008ACB33 /* Project object */ = {
			isa = PBXProject;
			attributes = {
				LastSwiftUpdateCheck = 0830;
				LastUpgradeCheck = 0830;
				ORGANIZATIONNAME = wanwu;
				TargetAttributes = {
					96195F7E1E9E1F80008ACB33 = {
						CreatedOnToolsVersion = 8.3.1;
						DevelopmentTeam = 8RFW2TW3Q2;
						ProvisioningStyle = Automatic;
					};
				};
			};
			buildConfigurationList = 96195F7A1E9E1F80008ACB33 /* Build configuration list for PBXProject "Pulltorefresh_Swift" */;
			compatibilityVersion = "Xcode 3.2";
			developmentRegion = English;
			hasScannedForEncodings = 0;
			knownRegions = (
				en,
				Base,
			);
			mainGroup = 96195F761E9E1F80008ACB33;
			productRefGroup = 96195F801E9E1F80008ACB33 /* Products */;
			projectDirPath = "";
			projectRoot = "";
			targets = (
				96195F7E1E9E1F80008ACB33 /* Pulltorefresh_Swift */,
			);
		};
/* End PBXProject section */

/* Begin PBXResourcesBuildPhase section */
		96195F7D1E9E1F80008ACB33 /* Resources */ = {
			isa = PBXResourcesBuildPhase;
			buildActionMask = 2147483647;
			files = (
				96195F8D1E9E1F80008ACB33 /* LaunchScreen.storyboard in Resources */,
				96195FAA1EA0B2B6008ACB33 /* gif.gif in Resources */,
				96195FA01E9F1D7B008ACB33 /* timg.gif in Resources */,
				96195FA81EA0B1B0008ACB33 /* default.gif in Resources */,
				96195F8A1E9E1F80008ACB33 /* Assets.xcassets in Resources */,
				96195FA41E9F6A0E008ACB33 /* luufy.gif in Resources */,
				96195F881E9E1F80008ACB33 /* Main.storyboard in Resources */,
			);
			runOnlyForDeploymentPostprocessing = 0;
		};
/* End PBXResourcesBuildPhase section */

/* Begin PBXSourcesBuildPhase section */
		96195F7B1E9E1F80008ACB33 /* Sources */ = {
			isa = PBXSourcesBuildPhase;
			buildActionMask = 2147483647;
			files = (
				96195F851E9E1F80008ACB33 /* ViewController.swift in Sources */,
				96195F9A1E9E1FA4008ACB33 /* CircleProgressView.swift in Sources */,
				96F12F9E1ECDD9CA004E42FA /* TestViewController.swift in Sources */,
				96195F831E9E1F80008ACB33 /* AppDelegate.swift in Sources */,
				96195F9C1E9E1FA4008ACB33 /* PullToRefreshControl.swift in Sources */,
				96195F991E9E1FA4008ACB33 /* TimerExtension.swift in Sources */,
				96195F9E1E9E1FF2008ACB33 /* CustomTableViewController.swift in Sources */,
				96195F9B1E9E1FA4008ACB33 /* PullToRefreshView.swift in Sources */,
			);
			runOnlyForDeploymentPostprocessing = 0;
		};
/* End PBXSourcesBuildPhase section */

/* Begin PBXVariantGroup section */
		96195F861E9E1F80008ACB33 /* Main.storyboard */ = {
			isa = PBXVariantGroup;
			children = (
				96195F871E9E1F80008ACB33 /* Base */,
			);
			name = Main.storyboard;
			sourceTree = "<group>";
		};
		96195F8B1E9E1F80008ACB33 /* LaunchScreen.storyboard */ = {
			isa = PBXVariantGroup;
			children = (
				96195F8C1E9E1F80008ACB33 /* Base */,
			);
			name = LaunchScreen.storyboard;
			sourceTree = "<group>";
		};
/* End PBXVariantGroup section */

/* Begin XCBuildConfiguration section */
		96195F8F1E9E1F80008ACB33 /* Debug */ = {
			isa = XCBuildConfiguration;
			buildSettings = {
				ALWAYS_SEARCH_USER_PATHS = NO;
				CLANG_ANALYZER_NONNULL = YES;
				CLANG_ANALYZER_NUMBER_OBJECT_CONVERSION = YES_AGGRESSIVE;
				CLANG_CXX_LANGUAGE_STANDARD = "gnu++0x";
				CLANG_CXX_LIBRARY = "libc++";
				CLANG_ENABLE_MODULES = YES;
				CLANG_ENABLE_OBJC_ARC = YES;
				CLANG_WARN_BOOL_CONVERSION = YES;
				CLANG_WARN_CONSTANT_CONVERSION = YES;
				CLANG_WARN_DIRECT_OBJC_ISA_USAGE = YES_ERROR;
				CLANG_WARN_DOCUMENTATION_COMMENTS = YES;
				CLANG_WARN_EMPTY_BODY = YES;
				CLANG_WARN_ENUM_CONVERSION = YES;
				CLANG_WARN_INFINITE_RECURSION = YES;
				CLANG_WARN_INT_CONVERSION = YES;
				CLANG_WARN_OBJC_ROOT_CLASS = YES_ERROR;
				CLANG_WARN_SUSPICIOUS_MOVE = YES;
				CLANG_WARN_UNREACHABLE_CODE = YES;
				CLANG_WARN__DUPLICATE_METHOD_MATCH = YES;
				"CODE_SIGN_IDENTITY[sdk=iphoneos*]" = "iPhone Developer";
				COPY_PHASE_STRIP = NO;
				DEBUG_INFORMATION_FORMAT = dwarf;
				ENABLE_STRICT_OBJC_MSGSEND = YES;
				ENABLE_TESTABILITY = YES;
				GCC_C_LANGUAGE_STANDARD = gnu99;
				GCC_DYNAMIC_NO_PIC = NO;
				GCC_NO_COMMON_BLOCKS = YES;
				GCC_OPTIMIZATION_LEVEL = 0;
				GCC_PREPROCESSOR_DEFINITIONS = (
					"DEBUG=1",
					"$(inherited)",
				);
				GCC_WARN_64_TO_32_BIT_CONVERSION = YES;
				GCC_WARN_ABOUT_RETURN_TYPE = YES_ERROR;
				GCC_WARN_UNDECLARED_SELECTOR = YES;
				GCC_WARN_UNINITIALIZED_AUTOS = YES_AGGRESSIVE;
				GCC_WARN_UNUSED_FUNCTION = YES;
				GCC_WARN_UNUSED_VARIABLE = YES;
				IPHONEOS_DEPLOYMENT_TARGET = 10.3;
				MTL_ENABLE_DEBUG_INFO = YES;
				ONLY_ACTIVE_ARCH = YES;
				SDKROOT = iphoneos;
				SWIFT_ACTIVE_COMPILATION_CONDITIONS = DEBUG;
				SWIFT_OPTIMIZATION_LEVEL = "-Onone";
				TARGETED_DEVICE_FAMILY = "1,2";
			};
			name = Debug;
		};
		96195F901E9E1F80008ACB33 /* Release */ = {
			isa = XCBuildConfiguration;
			buildSettings = {
				ALWAYS_SEARCH_USER_PATHS = NO;
				CLANG_ANALYZER_NONNULL = YES;
				CLANG_ANALYZER_NUMBER_OBJECT_CONVERSION = YES_AGGRESSIVE;
				CLANG_CXX_LANGUAGE_STANDARD = "gnu++0x";
				CLANG_CXX_LIBRARY = "libc++";
				CLANG_ENABLE_MODULES = YES;
				CLANG_ENABLE_OBJC_ARC = YES;
				CLANG_WARN_BOOL_CONVERSION = YES;
				CLANG_WARN_CONSTANT_CONVERSION = YES;
				CLANG_WARN_DIRECT_OBJC_ISA_USAGE = YES_ERROR;
				CLANG_WARN_DOCUMENTATION_COMMENTS = YES;
				CLANG_WARN_EMPTY_BODY = YES;
				CLANG_WARN_ENUM_CONVERSION = YES;
				CLANG_WARN_INFINITE_RECURSION = YES;
				CLANG_WARN_INT_CONVERSION = YES;
				CLANG_WARN_OBJC_ROOT_CLASS = YES_ERROR;
				CLANG_WARN_SUSPICIOUS_MOVE = YES;
				CLANG_WARN_UNREACHABLE_CODE = YES;
				CLANG_WARN__DUPLICATE_METHOD_MATCH = YES;
				"CODE_SIGN_IDENTITY[sdk=iphoneos*]" = "iPhone Developer";
				COPY_PHASE_STRIP = NO;
				DEBUG_INFORMATION_FORMAT = "dwarf-with-dsym";
				ENABLE_NS_ASSERTIONS = NO;
				ENABLE_STRICT_OBJC_MSGSEND = YES;
				GCC_C_LANGUAGE_STANDARD = gnu99;
				GCC_NO_COMMON_BLOCKS = YES;
				GCC_WARN_64_TO_32_BIT_CONVERSION = YES;
				GCC_WARN_ABOUT_RETURN_TYPE = YES_ERROR;
				GCC_WARN_UNDECLARED_SELECTOR = YES;
				GCC_WARN_UNINITIALIZED_AUTOS = YES_AGGRESSIVE;
				GCC_WARN_UNUSED_FUNCTION = YES;
				GCC_WARN_UNUSED_VARIABLE = YES;
				IPHONEOS_DEPLOYMENT_TARGET = 10.3;
				MTL_ENABLE_DEBUG_INFO = NO;
				SDKROOT = iphoneos;
				SWIFT_OPTIMIZATION_LEVEL = "-Owholemodule";
				TARGETED_DEVICE_FAMILY = "1,2";
				VALIDATE_PRODUCT = YES;
			};
			name = Release;
		};
		96195F921E9E1F80008ACB33 /* Debug */ = {
			isa = XCBuildConfiguration;
			buildSettings = {
				ASSETCATALOG_COMPILER_APPICON_NAME = AppIcon;
				DEVELOPMENT_TEAM = 8RFW2TW3Q2;
				INFOPLIST_FILE = Pulltorefresh_Swift/Info.plist;
				LD_RUNPATH_SEARCH_PATHS = "$(inherited) @executable_path/Frameworks";
				PRODUCT_BUNDLE_IDENTIFIER = "com.test.test.Pulltorefresh-Swift";
				PRODUCT_NAME = "$(TARGET_NAME)";
				SWIFT_VERSION = 3.0;
			};
			name = Debug;
		};
		96195F931E9E1F80008ACB33 /* Release */ = {
			isa = XCBuildConfiguration;
			buildSettings = {
				ASSETCATALOG_COMPILER_APPICON_NAME = AppIcon;
				DEVELOPMENT_TEAM = 8RFW2TW3Q2;
				INFOPLIST_FILE = Pulltorefresh_Swift/Info.plist;
				LD_RUNPATH_SEARCH_PATHS = "$(inherited) @executable_path/Frameworks";
				PRODUCT_BUNDLE_IDENTIFIER = "com.test.test.Pulltorefresh-Swift";
				PRODUCT_NAME = "$(TARGET_NAME)";
				SWIFT_VERSION = 3.0;
			};
			name = Release;
		};
/* End XCBuildConfiguration section */

/* Begin XCConfigurationList section */
		96195F7A1E9E1F80008ACB33 /* Build configuration list for PBXProject "Pulltorefresh_Swift" */ = {
			isa = XCConfigurationList;
			buildConfigurations = (
				96195F8F1E9E1F80008ACB33 /* Debug */,
				96195F901E9E1F80008ACB33 /* Release */,
			);
			defaultConfigurationIsVisible = 0;
			defaultConfigurationName = Release;
		};
		96195F911E9E1F80008ACB33 /* Build configuration list for PBXNativeTarget "Pulltorefresh_Swift" */ = {
			isa = XCConfigurationList;
			buildConfigurations = (
				96195F921E9E1F80008ACB33 /* Debug */,
				96195F931E9E1F80008ACB33 /* Release */,
			);
			defaultConfigurationIsVisible = 0;
			defaultConfigurationName = Release;
		};
/* End XCConfigurationList section */
	};
	rootObject = 96195F771E9E1F80008ACB33 /* Project object */;
}
